
Microsoft Visual Studio Solution File, Format Version 12.00
# Visual Studio Version 16
VisualStudioVersion = 16.0.33130.400
MinimumVisualStudioVersion = 10.0.40219.1
Project("{FAE04EC0-301F-11D3-BF4B-00C04F79EFBC}") = "MyWebAPI_1", "MyWebAPI_1\MyWebAPI_1.csproj", "{8655E6BC-F82F-44C7-B603-BA5C5D2D1E66}"
EndProject
Global
	GlobalSection(SolutionConfigurationPlatforms) = preSolution
		Debug|Any CPU = Debug|Any CPU
		Release|Any CPU = Release|Any CPU
	EndGlobalSection
	GlobalSection(ProjectConfigurationPlatforms) = postSolution
		{8655E6BC-F82F-44C7-B603-BA5C5D2D1E66}.Debug|Any CPU.ActiveCfg = Debug|Any CPU
		{8655E6BC-F82F-44C7-B603-BA5C5D2D1E66}.Debug|Any CPU.Build.0 = Debug|Any CPU
		{8655E6BC-F82F-44C7-B603-BA5C5D2D1E66}.Release|Any CPU.ActiveCfg = Release|Any CPU
		{8655E6BC-F82F-44C7-B603-BA5C5D2D1E66}.Release|Any CPU.Build.0 = Release|Any CPU
	EndGlobalSection
	GlobalSection(SolutionProperties) = preSolution
		HideSolutionNode = FALSE
	EndGlobalSection
	GlobalSection(ExtensibilityGlobals) = postSolution
		SolutionGuid = {248E6586-C6AA-42BC-AD36-08089E3C4150}
	EndGlobalSection
EndGlobal
